# THIS IS AN AUTOGENERATED FILE. DO NOT EDIT THIS FILE DIRECTLY.
# yarn lockfile v1


"@edge-runtime/format@^1.0.0":
  "integrity" "sha512-mxi0n00nJwnjaXUQIfTS7l64yvwGXs435gEjuDhzTHZyrmnCYdELXdJr3Q+6v4DO1mmmtNTYFHUvIlpCmMUC6g=="
  "resolved" "https://registry.npmjs.org/@edge-runtime/format/-/format-1.0.0.tgz"
  "version" "1.0.0"

"@edge-runtime/primitives@^1.0.1":
  "integrity" "sha512-a5rouOhbkLHJZeXQZs5QppI8DwFsAyK7gzCIg6sWVTZnF5WxN0oQ85iEgSIjvQaHPbAAHDJ2WwKwP07CWv8SUA=="
  "resolved" "https://registry.npmjs.org/@edge-runtime/primitives/-/primitives-1.0.1.tgz"
  "version" "1.0.1"

"@edge-runtime/vm@^1.0.1":
  "integrity" "sha512-kkPeYBCGgeoyBxKdHwRy8zKtpGFS3aviPnDaRKNx/NaWFr/EwG8TTdv9T+VP3JzuFC48me0VF4fnnIEARrI/7Q=="
  "resolved" "https://registry.npmjs.org/@edge-runtime/vm/-/vm-1.0.1.tgz"
  "version" "1.0.1"
  dependencies:
    "@edge-runtime/primitives" "^1.0.1"

"@jridgewell/resolve-uri@^3.0.3":
  "integrity" "sha512-F2msla3tad+Mfht5cJq7LSXcdudKTWCVYUgw6pLFOOHSTtZlj6SWNYAp+AhuqLmWdBO2X5hPrLcu8cVP8fy28w=="
  "resolved" "https://registry.npmjs.org/@jridgewell/resolve-uri/-/resolve-uri-3.1.0.tgz"
  "version" "3.1.0"

"@jridgewell/sourcemap-codec@^1.4.10":
  "integrity" "sha512-XPSJHWmi394fuUuzDnGz1wiKqWfo1yXecHQMRf2l6hztTO+nPru658AyDngaBe7isIxEkRsPR3FZh+s7iVa4Uw=="
  "resolved" "https://registry.npmjs.org/@jridgewell/sourcemap-codec/-/sourcemap-codec-1.4.14.tgz"
  "version" "1.4.14"

"@jridgewell/trace-mapping@^0.3.9":
  "integrity" "sha512-bJWEfQ9lPTvm3SneWwRFVLzrh6nhjwqw7TUFFBEMzwvg7t7PCDenf2lDwqo4NQXzdpgBXyFgDWnQA+2vkruksQ=="
  "resolved" "https://registry.npmjs.org/@jridgewell/trace-mapping/-/trace-mapping-0.3.14.tgz"
  "version" "0.3.14"
  dependencies:
    "@jridgewell/resolve-uri" "^3.0.3"
    "@jridgewell/sourcemap-codec" "^1.4.10"

"@nodelib/fs.scandir@2.1.5":
  "integrity" "sha512-vq24Bq3ym5HEQm2NKCr3yXDwjc7vTsEThRDnkp2DK9p1uqLR+DHurm/NOTo0KG7HYHU7eppKZj3MyqYuMBf62g=="
  "resolved" "https://registry.npmjs.org/@nodelib/fs.scandir/-/fs.scandir-2.1.5.tgz"
  "version" "2.1.5"
  dependencies:
    "@nodelib/fs.stat" "2.0.5"
    "run-parallel" "^1.1.9"

"@nodelib/fs.stat@^2.0.2", "@nodelib/fs.stat@2.0.5":
  "integrity" "sha512-RkhPPp2zrqDAQA/2jNhnztcPAlv64XdhIp7a7454A5ovI7Bukxgt7MX7udwAu3zg1DcpPU0rz3VV1SeaqvY4+A=="
  "resolved" "https://registry.npmjs.org/@nodelib/fs.stat/-/fs.stat-2.0.5.tgz"
  "version" "2.0.5"

"@nodelib/fs.walk@^1.2.3":
  "integrity" "sha512-oGB+UxlgWcgQkgwo8GcEGwemoTFt3FIO9ababBmaGwXIoBKZ+GTy0pP185beGg7Llih/NSHSV2XAs1lnznocSg=="
  "resolved" "https://registry.npmjs.org/@nodelib/fs.walk/-/fs.walk-1.2.8.tgz"
  "version" "1.2.8"
  dependencies:
    "@nodelib/fs.scandir" "2.1.5"
    "fastq" "^1.6.0"

"@rollup/plugin-yaml@^3.1.0":
  "integrity" "sha512-61PsAXqN7YNYdg/nezK3NkqAu6e3Qu2wjHYW3r52Nx0aLi+rG7gkkIqtvxG8EtSqE2rra5CUcWBZj+v362qt9A=="
  "resolved" "https://registry.npmjs.org/@rollup/plugin-yaml/-/plugin-yaml-3.1.0.tgz"
  "version" "3.1.0"
  dependencies:
    "@rollup/pluginutils" "^3.1.0"
    "js-yaml" "^3.14.0"
    "tosource" "^1.0.0"

"@rollup/pluginutils@^3.1.0":
  "integrity" "sha512-GksZ6pr6TpIjHm8h9lSQ8pi8BE9VeubNT0OMJ3B5uZJ8pz73NPiqOtCog/x2/QzM1ENChPKxMDhiQuRHsqc+lg=="
  "resolved" "https://registry.npmjs.org/@rollup/pluginutils/-/pluginutils-3.1.0.tgz"
  "version" "3.1.0"
  dependencies:
    "@types/estree" "0.0.39"
    "estree-walker" "^1.0.1"
    "picomatch" "^2.2.2"

"@rollup/pluginutils@^4.2.1":
  "integrity" "sha512-iKnFXr7NkdZAIHiIWE+BX5ULi/ucVFYWD6TbAV+rZctiRTY2PL6tsIKhoIOaoskiWAkgu+VsbXgUVDNLHf+InQ=="
  "resolved" "https://registry.npmjs.org/@rollup/pluginutils/-/pluginutils-4.2.1.tgz"
  "version" "4.2.1"
  dependencies:
    "estree-walker" "^2.0.1"
    "picomatch" "^2.2.2"

"@sveltejs/vite-plugin-svelte@^1.0.1":
  "integrity" "sha512-PorCgUounn0VXcpeJu+hOweZODKmGuLHsLomwqSj+p26IwjjGffmYQfVHtiTWq+NqaUuuHWWG7vPge6UFw4Aeg=="
  "resolved" "https://registry.npmjs.org/@sveltejs/vite-plugin-svelte/-/vite-plugin-svelte-1.0.1.tgz"
  "version" "1.0.1"
  dependencies:
    "@rollup/pluginutils" "^4.2.1"
    "debug" "^4.3.4"
    "deepmerge" "^4.2.2"
    "kleur" "^4.1.5"
    "magic-string" "^0.26.2"
    "svelte-hmr" "^0.14.12"

"@ts-morph/common@~0.11.0":
  "integrity" "sha512-7hWZS0NRpEsNV8vWJzg7FEz6V8MaLNeJOmwmghqUXTpzk16V1LLZhdo+4QvE/+zv4cVci0OviuJFnqhEfoV3+g=="
  "resolved" "https://registry.npmjs.org/@ts-morph/common/-/common-0.11.1.tgz"
  "version" "0.11.1"
  dependencies:
    "fast-glob" "^3.2.7"
    "minimatch" "^3.0.4"
    "mkdirp" "^1.0.4"
    "path-browserify" "^1.0.1"

"@tsconfig/svelte@^3.0.0":
  "integrity" "sha512-pYrtLtOwku/7r1i9AMONsJMVYAtk3hzOfiGNekhtq5tYBGA7unMve8RvUclKLMT3PrihvJqUmzsRGh0RP84hKg=="
  "resolved" "https://registry.npmjs.org/@tsconfig/svelte/-/svelte-3.0.0.tgz"
  "version" "3.0.0"

"@types/estree@0.0.39":
  "integrity" "sha512-EYNwp3bU+98cpU4lAWYYL7Zz+2gryWH1qbdDTidVd6hkiR6weksdbMadyXKXNPEkQFhXM+hVO9ZygomHXp+AIw=="
  "resolved" "https://registry.npmjs.org/@types/estree/-/estree-0.0.39.tgz"
  "version" "0.0.39"

"@types/json-schema@^7.0.6":
  "integrity" "sha512-wOuvG1SN4Us4rez+tylwwwCV1psiNVOkJeM3AUWUNWg/jDQY2+HE/444y5gc+jBmRqASOm2Oeh5c1axHobwRKQ=="
  "resolved" "https://registry.npmjs.org/@types/json-schema/-/json-schema-7.0.11.tgz"
  "version" "7.0.11"

"@types/node@*":
  "integrity" "sha512-En7tneq+j0qAiVwysBD79y86MT3ModuoIJbe7JXp+sb5UAjInSShmK3nXXMioBzfF7rXC12hv12d4IyCVwN4dA=="
  "resolved" "https://registry.npmjs.org/@types/node/-/node-18.0.5.tgz"
  "version" "18.0.5"

"@types/pug@^2.0.4":
  "integrity" "sha512-SnHmG9wN1UVmagJOnyo/qkk0Z7gejYxOYYmaAwr5u2yFYfsupN3sg10kyzN8Hep/2zbHxCnsumxOoRIRMBwKCg=="
  "resolved" "https://registry.npmjs.org/@types/pug/-/pug-2.0.6.tgz"
  "version" "2.0.6"

"@types/sass@^1.16.0":
  "integrity" "sha512-BPdoIt1lfJ6B7rw35ncdwBZrAssjcwzI5LByIrYs+tpXlj/CAkuVdRsgZDdP4lq5EjyWzwxZCqAoFyHKFwp32g=="
  "resolved" "https://registry.npmjs.org/@types/sass/-/sass-1.43.1.tgz"
  "version" "1.43.1"
  dependencies:
    "@types/node" "*"

"@vercel/build-utils@5.0.3":
  "integrity" "sha512-xLzu3Zdm/2vubAHffstrr/cVv/Aogcr77+axr6lhAMHjm1wzLGtwoDdJw7xgKHpwFyxtPSJRI4aPoF4Peiu0/g=="
  "resolved" "https://registry.npmjs.org/@vercel/build-utils/-/build-utils-5.0.3.tgz"
  "version" "5.0.3"

"@vercel/node-bridge@3.0.0":
  "integrity" "sha512-TNQK6cufwrhd8ASDk5YHHenH8Xhp9sY8xUjOTKnQQI37KLk+Sw2HlHhT5rzUFN23ahosUlkY8InwtYUmSNb9kw=="
  "resolved" "https://registry.npmjs.org/@vercel/node-bridge/-/node-bridge-3.0.0.tgz"
  "version" "3.0.0"

"@vercel/node@^2.4.4":
  "integrity" "sha512-eqAUdeqoH+rMngSCu8PAGnMUuKUTg4FxKE5shve5OrneKDlw8e4jq3CQjG/kk4kKfK9/oRHNLEJxO0bGYzG5oA=="
  "resolved" "https://registry.npmjs.org/@vercel/node/-/node-2.4.4.tgz"
  "version" "2.4.4"
  dependencies:
    "@types/node" "*"
    "@vercel/build-utils" "5.0.3"
    "@vercel/node-bridge" "3.0.0"
    "@vercel/static-config" "2.0.1"
    "edge-runtime" "1.0.1"
    "esbuild" "0.14.47"
    "exit-hook" "2.2.1"
    "node-fetch" "2.6.1"
    "ts-node" "8.9.1"
    "typescript" "4.3.4"

"@vercel/static-config@2.0.1":
  "integrity" "sha512-J3l3H0iE6FC0KHIlkY1Em291uwWmW22QIN8Cb8nLo9P5BW6a3r0kypmk86UGEWhfWxzt4Hnmb+6JEwkVNnv8/Q=="
  "resolved" "https://registry.npmjs.org/@vercel/static-config/-/static-config-2.0.1.tgz"
  "version" "2.0.1"
  dependencies:
    "ajv" "8.6.3"
    "json-schema-to-ts" "1.6.4"
    "ts-morph" "12.0.0"

"ajv@8.6.3":
  "integrity" "sha512-SMJOdDP6LqTkD0Uq8qLi+gMwSt0imXLSV080qFVwJCpH9U6Mb+SUGHAXM0KNbcBPguytWyvFxcHgMLe2D2XSpw=="
  "resolved" "https://registry.npmjs.org/ajv/-/ajv-8.6.3.tgz"
  "version" "8.6.3"
  dependencies:
    "fast-deep-equal" "^3.1.1"
    "json-schema-traverse" "^1.0.0"
    "require-from-string" "^2.0.2"
    "uri-js" "^4.2.2"

"anymatch@~3.1.2":
  "integrity" "sha512-P43ePfOAIupkguHUycrc4qJ9kz8ZiuOUijaETwX7THt0Y/GNK7v0aa8rY816xWjZ7rJdA5XdMcpVFTKMq+RvWg=="
  "resolved" "https://registry.npmjs.org/anymatch/-/anymatch-3.1.2.tgz"
  "version" "3.1.2"
  dependencies:
    "normalize-path" "^3.0.0"
    "picomatch" "^2.0.4"

"arg@^4.1.0":
  "integrity" "sha512-58S9QDqG0Xx27YwPSt9fJxivjYl432YCwfDMfZ+71RAqUrZef7LrKQZ3LHLOwCS4FLNBplP533Zx895SeOCHvA=="
  "resolved" "https://registry.npmjs.org/arg/-/arg-4.1.3.tgz"
  "version" "4.1.3"

"argparse@^1.0.7":
  "integrity" "sha512-o5Roy6tNG4SL/FOkCAN6RzjiakZS25RLYFrcMttJqbdd8BWrnA+fGz57iN5Pb06pvBGvl5gQ0B48dJlslXvoTg=="
  "resolved" "https://registry.npmjs.org/argparse/-/argparse-1.0.10.tgz"
  "version" "1.0.10"
  dependencies:
    "sprintf-js" "~1.0.2"

"argparse@^2.0.1":
  "integrity" "sha512-8+9WqebbFzpX9OR+Wa6O29asIogeRMzcGtAINdpMHHyAg10f05aSFVBbcEqGf/PXw1EjAZ+q2/bEBg3DvurK3Q=="
  "resolved" "https://registry.npmjs.org/argparse/-/argparse-2.0.1.tgz"
  "version" "2.0.1"

"balanced-match@^1.0.0":
  "integrity" "sha512-3oSeUO0TMV67hN1AmbXsK4yaqU7tjiHlbxRDZOpH0KW9+CeX4bRAaX0Anxt0tx2MrpRpWwQaPwIlISEJhYU5Pw=="
  "resolved" "https://registry.npmjs.org/balanced-match/-/balanced-match-1.0.2.tgz"
  "version" "1.0.2"

"binary-extensions@^2.0.0":
  "integrity" "sha512-jDctJ/IVQbZoJykoeHbhXpOlNBqGNcwXJKJog42E5HDPUwQTSdjCHdihjj0DlnheQ7blbT6dHOafNAiS8ooQKA=="
  "resolved" "https://registry.npmjs.org/binary-extensions/-/binary-extensions-2.2.0.tgz"
  "version" "2.2.0"

"brace-expansion@^1.1.7":
  "integrity" "sha512-iCuPHDFgrHX7H2vEI/5xpz07zSHB00TpugqhmYtVmMO6518mCuRMoOYFldEBl0g187ufozdaHgWKcYFb61qGiA=="
  "resolved" "https://registry.npmjs.org/brace-expansion/-/brace-expansion-1.1.11.tgz"
  "version" "1.1.11"
  dependencies:
    "balanced-match" "^1.0.0"
    "concat-map" "0.0.1"

"braces@^3.0.2", "braces@~3.0.2":
  "integrity" "sha512-b8um+L1RzM3WDSzvhm6gIz1yfTbBt6YTlcEKAvsmqCZZFw46z626lVj9j1yEPW33H5H+lBQpZMP1k8l+78Ha0A=="
  "resolved" "https://registry.npmjs.org/braces/-/braces-3.0.2.tgz"
  "version" "3.0.2"
  dependencies:
    "fill-range" "^7.0.1"

"buffer-crc32@^0.2.5":
  "integrity" "sha512-VO9Ht/+p3SN7SKWqcrgEzjGbRSJYTx+Q1pTQC0wrWqHx0vpJraQ6GtHx8tvcg1rlK1byhU5gccxgOgj7B0TDkQ=="
  "resolved" "https://registry.npmjs.org/buffer-crc32/-/buffer-crc32-0.2.13.tgz"
  "version" "0.2.13"

"buffer-from@^1.0.0":
  "integrity" "sha512-E+XQCRwSbaaiChtv6k6Dwgc+bx+Bs6vuKJHHl5kox/BaKbhiXzqQOwK4cO22yElGp2OCmjwVhT3HmxgyPGnJfQ=="
  "resolved" "https://registry.npmjs.org/buffer-from/-/buffer-from-1.1.2.tgz"
  "version" "1.1.2"

"callsites@^3.0.0":
  "integrity" "sha512-P8BjAsXvZS+VIDUI11hHCQEv74YT67YUi5JJFNWIqL235sBmjX4+qx9Muvls5ivyNENctx46xQLQ3aTuE7ssaQ=="
  "resolved" "https://registry.npmjs.org/callsites/-/callsites-3.1.0.tgz"
  "version" "3.1.0"

"chokidar@^3.4.1":
  "integrity" "sha512-Dr3sfKRP6oTcjf2JmUmFJfeVMvXBdegxB0iVQ5eb2V10uFJUCAS8OByZdVAyVb8xXNz3GjjTgj9kLWsZTqE6kw=="
  "resolved" "https://registry.npmjs.org/chokidar/-/chokidar-3.5.3.tgz"
  "version" "3.5.3"
  dependencies:
    "anymatch" "~3.1.2"
    "braces" "~3.0.2"
    "glob-parent" "~5.1.2"
    "is-binary-path" "~2.1.0"
    "is-glob" "~4.0.1"
    "normalize-path" "~3.0.0"
    "readdirp" "~3.6.0"
  optionalDependencies:
    "fsevents" "~2.3.2"

"code-block-writer@^10.1.1":
  "integrity" "sha512-67ueh2IRGst/51p0n6FvPrnRjAGHY5F8xdjkgrYE7DDzpJe6qA07RYQ9VcoUeo5ATOjSOiWpSL3SWBRRbempMw=="
  "resolved" "https://registry.npmjs.org/code-block-writer/-/code-block-writer-10.1.1.tgz"
  "version" "10.1.1"

"concat-map@0.0.1":
  "integrity" "sha512-/Srv4dswyQNBfohGpz9o6Yb3Gz3SrUDqBH5rTuhGR7ahtlbYKnVxw2bCFMRljaA7EXHaXZ8wsHdodFvbkhKmqg=="
  "resolved" "https://registry.npmjs.org/concat-map/-/concat-map-0.0.1.tgz"
  "version" "0.0.1"

"convert-hrtime@^3.0.0":
  "integrity" "sha512-7V+KqSvMiHp8yWDuwfww06XleMWVVB9b9tURBx+G7UTADuo5hYPuowKloz4OzOqbPezxgo+fdQ1522WzPG4OeA=="
  "resolved" "https://registry.npmjs.org/convert-hrtime/-/convert-hrtime-3.0.0.tgz"
  "version" "3.0.0"

"debug@^4.3.4":
  "integrity" "sha512-PRWFHuSU3eDtQJPvnNY7Jcket1j0t5OuOsFzPPzsekD52Zl8qUfFIPEiswXqIvHWGVHOgX+7G/vCNNhehwxfkQ=="
  "resolved" "https://registry.npmjs.org/debug/-/debug-4.3.4.tgz"
  "version" "4.3.4"
  dependencies:
    "ms" "2.1.2"

"deepmerge@^4.2.2":
  "integrity" "sha512-FJ3UgI4gIl+PHZm53knsuSFpE+nESMr7M4v9QcgB7S63Kj/6WqMiFQJpBBYz1Pt+66bZpP3Q7Lye0Oo9MPKEdg=="
  "resolved" "https://registry.npmjs.org/deepmerge/-/deepmerge-4.2.2.tgz"
  "version" "4.2.2"

"detect-indent@^6.0.0":
  "integrity" "sha512-reYkTUJAZb9gUuZ2RvVCNhVHdg62RHnJ7WJl8ftMi4diZ6NWlciOzQN88pUhSELEwflJht4oQDv0F0BMlwaYtA=="
  "resolved" "https://registry.npmjs.org/detect-indent/-/detect-indent-6.1.0.tgz"
  "version" "6.1.0"

"diff@^4.0.1":
  "integrity" "sha512-58lmxKSA4BNyLz+HHMUzlOEpg09FV+ev6ZMe3vJihgdxzgcwZ8VoEEPmALCZG9LmqfVoNMMKpttIYTVG6uDY7A=="
  "resolved" "https://registry.npmjs.org/diff/-/diff-4.0.2.tgz"
  "version" "4.0.2"

"edge-runtime@1.0.1":
  "integrity" "sha512-1/7ZlGy7LUWufVoWPdphYvyOiNFiN1u/hIyWDBeJjoFAKQGjl70A0SdG2cwVd1UhcPlA95ieYly1B4h0/8MPog=="
  "resolved" "https://registry.npmjs.org/edge-runtime/-/edge-runtime-1.0.1.tgz"
  "version" "1.0.1"
  dependencies:
    "@edge-runtime/format" "^1.0.0"
    "@edge-runtime/vm" "^1.0.1"
    "exit-hook" "2.2.1"
    "http-status" "~1.5.0"
    "mri" "1.2.0"
    "picocolors" "1.0.0"
    "pretty-bytes" "5.6.0"
    "pretty-ms" "7.0.1"
    "time-span" "4.0.0"

"es6-promise@^3.1.2":
  "integrity" "sha512-SOp9Phqvqn7jtEUxPWdWfWoLmyt2VaJ6MpvP9Comy1MceMXqE6bxvaTu4iaxpYYPzhny28Lc+M87/c2cPK6lDg=="
  "resolved" "https://registry.npmjs.org/es6-promise/-/es6-promise-3.3.1.tgz"
  "version" "3.3.1"

"esbuild-windows-64@0.14.47":
  "integrity" "sha512-/Pk5jIEH34T68r8PweKRi77W49KwanZ8X6lr3vDAtOlH5EumPE4pBHqkCUdELanvsT14yMXLQ/C/8XPi1pAtkQ=="
  "resolved" "https://registry.npmjs.org/esbuild-windows-64/-/esbuild-windows-64-0.14.47.tgz"
  "version" "0.14.47"

"esbuild@^0.14.47", "esbuild@0.14.47":
  "integrity" "sha512-wI4ZiIfFxpkuxB8ju4MHrGwGLyp1+awEHAHVpx6w7a+1pmYIq8T9FGEVVwFo0iFierDoMj++Xq69GXWYn2EiwA=="
  "resolved" "https://registry.npmjs.org/esbuild/-/esbuild-0.14.47.tgz"
  "version" "0.14.47"
  optionalDependencies:
    "esbuild-android-64" "0.14.47"
    "esbuild-android-arm64" "0.14.47"
    "esbuild-darwin-64" "0.14.47"
    "esbuild-darwin-arm64" "0.14.47"
    "esbuild-freebsd-64" "0.14.47"
    "esbuild-freebsd-arm64" "0.14.47"
    "esbuild-linux-32" "0.14.47"
    "esbuild-linux-64" "0.14.47"
    "esbuild-linux-arm" "0.14.47"
    "esbuild-linux-arm64" "0.14.47"
    "esbuild-linux-mips64le" "0.14.47"
    "esbuild-linux-ppc64le" "0.14.47"
    "esbuild-linux-riscv64" "0.14.47"
    "esbuild-linux-s390x" "0.14.47"
    "esbuild-netbsd-64" "0.14.47"
    "esbuild-openbsd-64" "0.14.47"
    "esbuild-sunos-64" "0.14.47"
    "esbuild-windows-32" "0.14.47"
    "esbuild-windows-64" "0.14.47"
    "esbuild-windows-arm64" "0.14.47"

"esprima@^4.0.0":
  "integrity" "sha512-eGuFFw7Upda+g4p+QHvnW0RyTX/SVeJBDM/gCtMARO0cLuT2HcEKnTPvhjV6aGeqrCB/sbNop0Kszm0jsaWU4A=="
  "resolved" "https://registry.npmjs.org/esprima/-/esprima-4.0.1.tgz"
  "version" "4.0.1"

"estree-walker@^1.0.1":
  "integrity" "sha512-1fMXF3YP4pZZVozF8j/ZLfvnR8NSIljt56UhbZ5PeeDmmGHpgpdwQt7ITlGvYaQukCvuBRMLEiKiYC+oeIg4cg=="
  "resolved" "https://registry.npmjs.org/estree-walker/-/estree-walker-1.0.1.tgz"
  "version" "1.0.1"

"estree-walker@^2.0.1":
  "integrity" "sha512-Rfkk/Mp/DL7JVje3u18FxFujQlTNR2q6QfMSMB7AvCBx91NGj/ba3kCfza0f6dVDbw7YlRf/nDrn7pQrCCyQ/w=="
  "resolved" "https://registry.npmjs.org/estree-walker/-/estree-walker-2.0.2.tgz"
  "version" "2.0.2"

"exit-hook@2.2.1":
  "integrity" "sha512-eNTPlAD67BmP31LDINZ3U7HSF8l57TxOY2PmBJ1shpCvpnxBF93mWCE8YHBnXs8qiUZJc9WDcWIeC3a2HIAMfw=="
  "resolved" "https://registry.npmjs.org/exit-hook/-/exit-hook-2.2.1.tgz"
  "version" "2.2.1"

"fast-deep-equal@^3.1.1":
  "integrity" "sha512-f3qQ9oQy9j2AhBe/H9VC91wLmKBCCU/gDOnKNAYG5hswO7BLKj09Hc5HYNz9cGI++xlpDCIgDaitVs03ATR84Q=="
  "resolved" "https://registry.npmjs.org/fast-deep-equal/-/fast-deep-equal-3.1.3.tgz"
  "version" "3.1.3"

"fast-glob@^3.2.7":
  "integrity" "sha512-xrO3+1bxSo3ZVHAnqzyuewYT6aMFHRAd4Kcs92MAonjwQZLsK9d0SF1IyQ3k5PoirxTW0Oe/RqFgMQ6TcNE5Ew=="
  "resolved" "https://registry.npmjs.org/fast-glob/-/fast-glob-3.2.11.tgz"
  "version" "3.2.11"
  dependencies:
    "@nodelib/fs.stat" "^2.0.2"
    "@nodelib/fs.walk" "^1.2.3"
    "glob-parent" "^5.1.2"
    "merge2" "^1.3.0"
    "micromatch" "^4.0.4"

"fastq@^1.6.0":
  "integrity" "sha512-YpkpUnK8od0o1hmeSc7UUs/eB/vIPWJYjKck2QKIzAf71Vm1AAQ3EbuZB3g2JIy+pg+ERD0vqI79KyZiB2e2Nw=="
  "resolved" "https://registry.npmjs.org/fastq/-/fastq-1.13.0.tgz"
  "version" "1.13.0"
  dependencies:
    "reusify" "^1.0.4"

"fill-range@^7.0.1":
  "integrity" "sha512-qOo9F+dMUmC2Lcb4BbVvnKJxTPjCm+RRpe4gDuGrzkL7mEVl/djYSu2OdQ2Pa302N4oqkSg9ir6jaLWJ2USVpQ=="
  "resolved" "https://registry.npmjs.org/fill-range/-/fill-range-7.0.1.tgz"
  "version" "7.0.1"
  dependencies:
    "to-regex-range" "^5.0.1"

"fs.realpath@^1.0.0":
  "integrity" "sha512-OO0pH2lK6a0hZnAdau5ItzHPI6pUlvI7jMVnxUQRtw4owF2wk8lOSabtGDCTP4Ggrg2MbGnWO9X8K1t4+fGMDw=="
  "resolved" "https://registry.npmjs.org/fs.realpath/-/fs.realpath-1.0.0.tgz"
  "version" "1.0.0"

"function-bind@^1.1.1":
  "integrity" "sha512-yIovAzMX49sF8Yl58fSCWJ5svSLuaibPxXQJFLmBObTuCr0Mf1KiPopGM9NiFjiYBCbfaa2Fh6breQ6ANVTI0A=="
  "resolved" "https://registry.npmjs.org/function-bind/-/function-bind-1.1.1.tgz"
  "version" "1.1.1"

"glob-parent@^5.1.2", "glob-parent@~5.1.2":
  "integrity" "sha512-AOIgSQCepiJYwP3ARnGx+5VnTu2HBYdzbGP45eLw1vr3zB3vZLeyed1sC9hnbcOc9/SrMyM5RPQrkGz4aS9Zow=="
  "resolved" "https://registry.npmjs.org/glob-parent/-/glob-parent-5.1.2.tgz"
  "version" "5.1.2"
  dependencies:
    "is-glob" "^4.0.1"

"glob@^7.1.3":
  "integrity" "sha512-nFR0zLpU2YCaRxwoCJvL6UvCH2JFyFVIvwTLsIf21AuHlMskA1hhTdk+LlYJtOlYt9v6dvszD2BGRqBL+iQK9Q=="
  "resolved" "https://registry.npmjs.org/glob/-/glob-7.2.3.tgz"
  "version" "7.2.3"
  dependencies:
    "fs.realpath" "^1.0.0"
    "inflight" "^1.0.4"
    "inherits" "2"
    "minimatch" "^3.1.1"
    "once" "^1.3.0"
    "path-is-absolute" "^1.0.0"

"graceful-fs@^4.1.3":
  "integrity" "sha512-9ByhssR2fPVsNZj478qUUbKfmL0+t5BDVyjShtyZZLiK7ZDAArFFfopyOTj0M05wE2tJPisA4iTnnXl2YoPvOA=="
  "resolved" "https://registry.npmjs.org/graceful-fs/-/graceful-fs-4.2.10.tgz"
  "version" "4.2.10"

"has@^1.0.3":
  "integrity" "sha512-f2dvO0VU6Oej7RkWJGrehjbzMAjFp5/VKPp5tTpWIV4JHHZK1/BxbFRtf/siA2SWTe09caDmVtYYzWEIbBS4zw=="
  "resolved" "https://registry.npmjs.org/has/-/has-1.0.3.tgz"
  "version" "1.0.3"
  dependencies:
    "function-bind" "^1.1.1"

"http-status@~1.5.0":
  "integrity" "sha512-HzxX+/hV/8US1Gq4V6R6PgUmJ5Pt/DGATs4QhdEOpG8LrdS9/3UG2nnOvkqUpRks04yjVtV5p/NODjO+wvf6vg=="
  "resolved" "https://registry.npmjs.org/http-status/-/http-status-1.5.2.tgz"
  "version" "1.5.2"

"import-fresh@^3.2.1":
  "integrity" "sha512-veYYhQa+D1QBKznvhUHxb8faxlrwUnxseDAbAp457E0wLNio2bOSKnjYDhMj+YiAq61xrMGhQk9iXVk5FzgQMw=="
  "resolved" "https://registry.npmjs.org/import-fresh/-/import-fresh-3.3.0.tgz"
  "version" "3.3.0"
  dependencies:
    "parent-module" "^1.0.0"
    "resolve-from" "^4.0.0"

"inflight@^1.0.4":
  "integrity" "sha512-k92I/b08q4wvFscXCLvqfsHCrjrF7yiXsQuIVvVE7N82W3+aqpzuUdBbfhWcy/FZR3/4IgflMgKLOsvPDrGCJA=="
  "resolved" "https://registry.npmjs.org/inflight/-/inflight-1.0.6.tgz"
  "version" "1.0.6"
  dependencies:
    "once" "^1.3.0"
    "wrappy" "1"

"inherits@2":
  "integrity" "sha512-k/vGaX4/Yla3WzyMCvTQOXYeIHvqOKtnqBduzTHpzpQZzAskKMhZ2K+EnBiSM9zGSoIFeMpXKxa4dYeZIQqewQ=="
  "resolved" "https://registry.npmjs.org/inherits/-/inherits-2.0.4.tgz"
  "version" "2.0.4"

"is-binary-path@~2.1.0":
  "integrity" "sha512-ZMERYes6pDydyuGidse7OsHxtbI7WVeUEozgR/g7rd0xUimYNlvZRE/K2MgZTjWy725IfelLeVcEM97mmtRGXw=="
  "resolved" "https://registry.npmjs.org/is-binary-path/-/is-binary-path-2.1.0.tgz"
  "version" "2.1.0"
  dependencies:
    "binary-extensions" "^2.0.0"

"is-core-module@^2.9.0":
  "integrity" "sha512-+5FPy5PnwmO3lvfMb0AsoPaBG+5KHUI0wYFXOtYPnVVVspTFUuMZNfNaNVRt3FZadstu2c8x23vykRW/NBoU6A=="
  "resolved" "https://registry.npmjs.org/is-core-module/-/is-core-module-2.9.0.tgz"
  "version" "2.9.0"
  dependencies:
    "has" "^1.0.3"

"is-extglob@^2.1.1":
  "integrity" "sha512-SbKbANkN603Vi4jEZv49LeVJMn4yGwsbzZworEoyEiutsN3nJYdbO36zfhGJ6QEDpOZIFkDtnq5JRxmvl3jsoQ=="
  "resolved" "https://registry.npmjs.org/is-extglob/-/is-extglob-2.1.1.tgz"
  "version" "2.1.1"

"is-glob@^4.0.1", "is-glob@~4.0.1":
  "integrity" "sha512-xelSayHH36ZgE7ZWhli7pW34hNbNl8Ojv5KVmkJD4hBdD3th8Tfk9vYasLM+mXWOZhFkgZfxhLSnrwRr4elSSg=="
  "resolved" "https://registry.npmjs.org/is-glob/-/is-glob-4.0.3.tgz"
  "version" "4.0.3"
  dependencies:
    "is-extglob" "^2.1.1"

"is-number@^7.0.0":
  "integrity" "sha512-41Cifkg6e8TylSpdtTpeLVMqvSBEVzTttHvERD741+pnZ8ANv0004MRL43QKPDlK9cGvNp6NZWZUBlbGXYxxng=="
  "resolved" "https://registry.npmjs.org/is-number/-/is-number-7.0.0.tgz"
  "version" "7.0.0"

"js-yaml@^3.14.0":
  "integrity" "sha512-okMH7OXXJ7YrN9Ok3/SXrnu4iX9yOk+25nqX4imS2npuvTYDmo/QEZoqwZkYaIDk3jVvBOTOIEgEhaLOynBS9g=="
  "resolved" "https://registry.npmjs.org/js-yaml/-/js-yaml-3.14.1.tgz"
  "version" "3.14.1"
  dependencies:
    "argparse" "^1.0.7"
    "esprima" "^4.0.0"

"js-yaml@^4.1.0":
  "integrity" "sha512-wpxZs9NoxZaJESJGIZTyDEaYpl0FKSA+FB9aJiyemKhMwkxQg63h4T1KJgUGHpTqPDNRcmmYLugrRjJlBtWvRA=="
  "resolved" "https://registry.npmjs.org/js-yaml/-/js-yaml-4.1.0.tgz"
  "version" "4.1.0"
  dependencies:
    "argparse" "^2.0.1"

"json-schema-to-ts@1.6.4":
  "integrity" "sha512-pR4yQ9DHz6itqswtHCm26mw45FSNfQ9rEQjosaZErhn5J3J2sIViQiz8rDaezjKAhFGpmsoczYVBgGHzFw/stA=="
  "resolved" "https://registry.npmjs.org/json-schema-to-ts/-/json-schema-to-ts-1.6.4.tgz"
  "version" "1.6.4"
  dependencies:
    "@types/json-schema" "^7.0.6"
    "ts-toolbelt" "^6.15.5"

"json-schema-traverse@^1.0.0":
  "integrity" "sha512-NM8/P9n3XjXhIZn1lLhkFaACTOURQXjWhV4BA/RnOv8xvgqtqpAX9IO4mRQxSx1Rlo4tqzeqb0sOlruaOy3dug=="
  "resolved" "https://registry.npmjs.org/json-schema-traverse/-/json-schema-traverse-1.0.0.tgz"
  "version" "1.0.0"

"kleur@^4.1.5":
  "integrity" "sha512-o+NO+8WrRiQEE4/7nwRJhN1HWpVmJm511pBHUxPLtp0BUISzlBplORYSmTclCnJvQq2tKu/sgl3xVpkc7ZWuQQ=="
  "resolved" "https://registry.npmjs.org/kleur/-/kleur-4.1.5.tgz"
  "version" "4.1.5"

"magic-string@^0.25.7":
  "integrity" "sha512-RmF0AsMzgt25qzqqLc1+MbHmhdx0ojF2Fvs4XnOqz2ZOBXzzkEwc/dJQZCYHAn7v1jbVOjAZfK8msRn4BxO4VQ=="
  "resolved" "https://registry.npmjs.org/magic-string/-/magic-string-0.25.9.tgz"
  "version" "0.25.9"
  dependencies:
    "sourcemap-codec" "^1.4.8"

"magic-string@^0.26.2":
  "integrity" "sha512-NzzlXpclt5zAbmo6h6jNc8zl2gNRGHvmsZW4IvZhTC4W7k4OlLP+S5YLussa/r3ixNT66KOQfNORlXHSOy/X4A=="
  "resolved" "https://registry.npmjs.org/magic-string/-/magic-string-0.26.2.tgz"
  "version" "0.26.2"
  dependencies:
    "sourcemap-codec" "^1.4.8"

"make-error@^1.1.1":
  "integrity" "sha512-s8UhlNe7vPKomQhC1qFelMokr/Sc3AgNbso3n74mVPA5LTZwkB9NlXf4XPamLxJE8h0gh73rM94xvwRT2CVInw=="
  "resolved" "https://registry.npmjs.org/make-error/-/make-error-1.3.6.tgz"
  "version" "1.3.6"

"merge2@^1.3.0":
  "integrity" "sha512-8q7VEgMJW4J8tcfVPy8g09NcQwZdbwFEqhe/WZkoIzjn/3TGDwtOCYtXGxA3O8tPzpczCCDgv+P2P5y00ZJOOg=="
  "resolved" "https://registry.npmjs.org/merge2/-/merge2-1.4.1.tgz"
  "version" "1.4.1"

"micromatch@^4.0.4":
  "integrity" "sha512-DMy+ERcEW2q8Z2Po+WNXuw3c5YaUSFjAO5GsJqfEl7UjvtIuFKO6ZrKvcItdy98dwFI2N1tg3zNIdKaQT+aNdA=="
  "resolved" "https://registry.npmjs.org/micromatch/-/micromatch-4.0.5.tgz"
  "version" "4.0.5"
  dependencies:
    "braces" "^3.0.2"
    "picomatch" "^2.3.1"

"min-indent@^1.0.0":
  "integrity" "sha512-I9jwMn07Sy/IwOj3zVkVik2JTvgpaykDZEigL6Rx6N9LbMywwUSMtxET+7lVoDLLd3O3IXwJwvuuns8UB/HeAg=="
  "resolved" "https://registry.npmjs.org/min-indent/-/min-indent-1.0.1.tgz"
  "version" "1.0.1"

"minimatch@^3.0.4", "minimatch@^3.1.1":
  "integrity" "sha512-J7p63hRiAjw1NDEww1W7i37+ByIrOWO5XQQAzZ3VOcL0PNybwpfmV/N05zFAzwQ9USyEcX6t3UO+K5aqBQOIHw=="
  "resolved" "https://registry.npmjs.org/minimatch/-/minimatch-3.1.2.tgz"
  "version" "3.1.2"
  dependencies:
    "brace-expansion" "^1.1.7"

"minimist@^1.2.0", "minimist@^1.2.6":
  "integrity" "sha512-Jsjnk4bw3YJqYzbdyBiNsPWHPfO++UGG749Cxs6peCu5Xg4nrena6OVxOYxrQTqww0Jmwt+Ref8rggumkTLz9Q=="
  "resolved" "https://registry.npmjs.org/minimist/-/minimist-1.2.6.tgz"
  "version" "1.2.6"

"mkdirp@^0.5.1":
  "integrity" "sha512-FP+p8RB8OWpF3YZBCrP5gtADmtXApB5AMLn+vdyA+PyxCjrCs00mjyUozssO33cwDeT3wNGdLxJ5M//YqtHAJw=="
  "resolved" "https://registry.npmjs.org/mkdirp/-/mkdirp-0.5.6.tgz"
  "version" "0.5.6"
  dependencies:
    "minimist" "^1.2.6"

"mkdirp@^1.0.4":
  "integrity" "sha512-vVqVZQyf3WLx2Shd0qJ9xuvqgAyKPLAiqITEtqW0oIUjzo3PePDd6fW9iFz30ef7Ysp/oiWqbhszeGWW2T6Gzw=="
  "resolved" "https://registry.npmjs.org/mkdirp/-/mkdirp-1.0.4.tgz"
  "version" "1.0.4"

"mri@^1.1.0", "mri@1.2.0":
  "integrity" "sha512-tzzskb3bG8LvYGFF/mDTpq3jpI6Q9wc3LEmBaghu+DdCssd1FakN7Bc0hVNmEyGq1bq3RgfkCb3cmQLpNPOroA=="
  "resolved" "https://registry.npmjs.org/mri/-/mri-1.2.0.tgz"
  "version" "1.2.0"

"ms@2.1.2":
  "integrity" "sha512-sGkPx+VjMtmA6MX27oA4FBFELFCZZ4S4XqeGOXCv68tT+jb3vk/RyaKWP0PTKyWtmLSM0b+adUTEvbs1PEaH2w=="
  "resolved" "https://registry.npmjs.org/ms/-/ms-2.1.2.tgz"
  "version" "2.1.2"

"nanoid@^3.3.4":
  "integrity" "sha512-MqBkQh/OHTS2egovRtLk45wEyNXwF+cokD+1YPf9u5VfJiRdAiRwB2froX5Co9Rh20xs4siNPm8naNotSD6RBw=="
  "resolved" "https://registry.npmjs.org/nanoid/-/nanoid-3.3.4.tgz"
  "version" "3.3.4"

"node-fetch@2.6.1":
  "integrity" "sha512-V4aYg89jEoVRxRb2fJdAg8FHvI7cEyYdVAh94HH0UIK8oJxUfkjlDQN9RbMx+bEjP7+ggMiFRprSti032Oipxw=="
  "resolved" "https://registry.npmjs.org/node-fetch/-/node-fetch-2.6.1.tgz"
  "version" "2.6.1"

"normalize-path@^3.0.0", "normalize-path@~3.0.0":
  "integrity" "sha512-6eZs5Ls3WtCisHWp9S2GUy8dqkpGi4BVSz3GaqiE6ezub0512ESztXUwUB6C6IKbQkY2Pnb/mD4WYojCRwcwLA=="
  "resolved" "https://registry.npmjs.org/normalize-path/-/normalize-path-3.0.0.tgz"
  "version" "3.0.0"

"once@^1.3.0":
  "integrity" "sha512-lNaJgI+2Q5URQBkccEKHTQOPaXdUxnZZElQTZY0MFUAuaEqe1E+Nyvgdz/aIyNi6Z9MzO5dv1H8n58/GELp3+w=="
  "resolved" "https://registry.npmjs.org/once/-/once-1.4.0.tgz"
  "version" "1.4.0"
  dependencies:
    "wrappy" "1"

"parent-module@^1.0.0":
  "integrity" "sha512-GQ2EWRpQV8/o+Aw8YqtfZZPfNRWZYkbidE9k5rpl/hC3vtHHBfGm2Ifi6qWV+coDGkrUKZAxE3Lot5kcsRlh+g=="
  "resolved" "https://registry.npmjs.org/parent-module/-/parent-module-1.0.1.tgz"
  "version" "1.0.1"
  dependencies:
    "callsites" "^3.0.0"

"parse-ms@^2.1.0":
  "integrity" "sha512-kHt7kzLoS9VBZfUsiKjv43mr91ea+U05EyKkEtqp7vNbHxmaVuEqN7XxeEVnGrMtYOAxGrDElSi96K7EgO1zCA=="
  "resolved" "https://registry.npmjs.org/parse-ms/-/parse-ms-2.1.0.tgz"
  "version" "2.1.0"

"path-browserify@^1.0.1":
  "integrity" "sha512-b7uo2UCUOYZcnF/3ID0lulOJi/bafxa1xPe7ZPsammBSpjSWQkjNxlt635YGS2MiR9GjvuXCtz2emr3jbsz98g=="
  "resolved" "https://registry.npmjs.org/path-browserify/-/path-browserify-1.0.1.tgz"
  "version" "1.0.1"

"path-is-absolute@^1.0.0":
  "integrity" "sha512-AVbw3UJ2e9bq64vSaS9Am0fje1Pa8pbGqTTsmXfaIiMpnr5DlDhfJOuLj9Sf95ZPVDAUerDfEk88MPmPe7UCQg=="
  "resolved" "https://registry.npmjs.org/path-is-absolute/-/path-is-absolute-1.0.1.tgz"
  "version" "1.0.1"

"path-parse@^1.0.7":
  "integrity" "sha512-LDJzPVEEEPR+y48z93A0Ed0yXb8pAByGWo/k5YYdYgpY2/2EsOsksJrq7lOHxryrVOn1ejG6oAp8ahvOIQD8sw=="
  "resolved" "https://registry.npmjs.org/path-parse/-/path-parse-1.0.7.tgz"
  "version" "1.0.7"

"picocolors@^1.0.0", "picocolors@1.0.0":
  "integrity" "sha512-1fygroTLlHu66zi26VoTDv8yRgm0Fccecssto+MhsZ0D/DGW2sm8E8AjW7NU5VVTRt5GxbeZ5qBuJr+HyLYkjQ=="
  "resolved" "https://registry.npmjs.org/picocolors/-/picocolors-1.0.0.tgz"
  "version" "1.0.0"

"picomatch@^2.0.4", "picomatch@^2.2.1", "picomatch@^2.2.2", "picomatch@^2.3.1":
  "integrity" "sha512-JU3teHTNjmE2VCGFzuY8EXzCDVwEqB2a8fsIvwaStHhAWJEeVd1o1QD80CU6+ZdEXXSLbSsuLwJjkCBWqRQUVA=="
  "resolved" "https://registry.npmjs.org/picomatch/-/picomatch-2.3.1.tgz"
  "version" "2.3.1"

"postcss@^7 || ^8", "postcss@^8.4.14":
  "integrity" "sha512-E398TUmfAYFPBSdzgeieK2Y1+1cpdxJx8yXbK/m57nRhKSmk1GB2tO4lbLBtlkfPQTDKfe4Xqv1ASWPpayPEig=="
  "resolved" "https://registry.npmjs.org/postcss/-/postcss-8.4.14.tgz"
  "version" "8.4.14"
  dependencies:
    "nanoid" "^3.3.4"
    "picocolors" "^1.0.0"
    "source-map-js" "^1.0.2"

"pretty-bytes@5.6.0":
  "integrity" "sha512-FFw039TmrBqFK8ma/7OL3sDz/VytdtJr044/QUJtH0wK9lb9jLq9tJyIxUwtQJHwar2BqtiA4iCWSwo9JLkzFg=="
  "resolved" "https://registry.npmjs.org/pretty-bytes/-/pretty-bytes-5.6.0.tgz"
  "version" "5.6.0"

"pretty-ms@7.0.1":
  "integrity" "sha512-973driJZvxiGOQ5ONsFhOF/DtzPMOMtgC11kCpUrPGMTgqp2q/1gwzCquocrN33is0VZ5GFHXZYMM9l6h67v2Q=="
  "resolved" "https://registry.npmjs.org/pretty-ms/-/pretty-ms-7.0.1.tgz"
  "version" "7.0.1"
  dependencies:
    "parse-ms" "^2.1.0"

"punycode@^2.1.0":
  "integrity" "sha512-XRsRjdf+j5ml+y/6GKHPZbrF/8p2Yga0JPtdqTIY2Xe5ohJPD9saDJJLPvp9+NSBprVvevdXZybnj2cv8OEd0A=="
  "resolved" "https://registry.npmjs.org/punycode/-/punycode-2.1.1.tgz"
  "version" "2.1.1"

"queue-microtask@^1.2.2":
  "integrity" "sha512-NuaNSa6flKT5JaSYQzJok04JzTL1CA6aGhv5rfLW3PgqA+M2ChpZQnAC8h8i4ZFkBS8X5RqkDBHA7r4hej3K9A=="
  "resolved" "https://registry.npmjs.org/queue-microtask/-/queue-microtask-1.2.3.tgz"
  "version" "1.2.3"

"readdirp@~3.6.0":
  "integrity" "sha512-hOS089on8RduqdbhvQ5Z37A0ESjsqz6qnRcffsMU3495FuTdqSm+7bhJ29JvIOsBDEEnan5DPu9t3To9VRlMzA=="
  "resolved" "https://registry.npmjs.org/readdirp/-/readdirp-3.6.0.tgz"
  "version" "3.6.0"
  dependencies:
    "picomatch" "^2.2.1"

"require-from-string@^2.0.2":
  "integrity" "sha512-Xf0nWe6RseziFMu+Ap9biiUbmplq6S9/p+7w7YXP/JBHhrUDDUhwa+vANyubuqfZWTveU//DYVGsDG7RKL/vEw=="
  "resolved" "https://registry.npmjs.org/require-from-string/-/require-from-string-2.0.2.tgz"
  "version" "2.0.2"

"resolve-from@^4.0.0":
  "integrity" "sha512-pb/MYmXstAkysRFx8piNI1tGFNQIFA3vkE3Gq4EuA1dF6gHp/+vgZqsCGJapvy8N3Q+4o7FwvquPJcnZ7RYy4g=="
  "resolved" "https://registry.npmjs.org/resolve-from/-/resolve-from-4.0.0.tgz"
  "version" "4.0.0"

"resolve@^1.22.1":
  "integrity" "sha512-nBpuuYuY5jFsli/JIs1oldw6fOQCBioohqWZg/2hiaOybXOft4lonv85uDOKXdf8rhyK159cxU5cDcK/NKk8zw=="
  "resolved" "https://registry.npmjs.org/resolve/-/resolve-1.22.1.tgz"
  "version" "1.22.1"
  dependencies:
    "is-core-module" "^2.9.0"
    "path-parse" "^1.0.7"
    "supports-preserve-symlinks-flag" "^1.0.0"

"reusify@^1.0.4":
  "integrity" "sha512-U9nH88a3fc/ekCF1l0/UP1IosiuIjyTh7hBvXVMHYgVcfGvt897Xguj2UOLDeI5BG2m7/uwyaLVT6fbtCwTyzw=="
  "resolved" "https://registry.npmjs.org/reusify/-/reusify-1.0.4.tgz"
  "version" "1.0.4"

"rimraf@^2.5.2":
  "integrity" "sha512-uWjbaKIK3T1OSVptzX7Nl6PvQ3qAGtKEtVRjRuazjfL3Bx5eI409VZSqgND+4UNnmzLVdPj9FqFJNPqBZFve4w=="
  "resolved" "https://registry.npmjs.org/rimraf/-/rimraf-2.7.1.tgz"
  "version" "2.7.1"
  dependencies:
    "glob" "^7.1.3"

"rollup@^1.20.0 || ^2.0.0", "rollup@^1.20.0||^2.0.0", "rollup@^2.75.6":
  "integrity" "sha512-vL8xjY4yOQEw79DvyXLijhnhh+R/O9zpF/LEgkCebZFtb6ELeN9H3/2T0r8+mp+fFTBHZ5qGpOpW2ela2zRt3g=="
  "resolved" "https://registry.npmjs.org/rollup/-/rollup-2.77.0.tgz"
  "version" "2.77.0"
  optionalDependencies:
    "fsevents" "~2.3.2"

"run-parallel@^1.1.9":
  "integrity" "sha512-5l4VyZR86LZ/lDxZTR6jqL8AFE2S0IFLMP26AbjsLVADxHdhB/c0GUsH+y39UfCi3dzz8OlQuPmnaJOMoDHQBA=="
  "resolved" "https://registry.npmjs.org/run-parallel/-/run-parallel-1.2.0.tgz"
  "version" "1.2.0"
  dependencies:
    "queue-microtask" "^1.2.2"

"sade@^1.7.4":
  "integrity" "sha512-xal3CZX1Xlo/k4ApwCFrHVACi9fBqJ7V+mwhBsuf/1IOKbBy098Fex+Wa/5QMubw09pSZ/u8EY8PWgevJsXp1A=="
  "resolved" "https://registry.npmjs.org/sade/-/sade-1.8.1.tgz"
  "version" "1.8.1"
  dependencies:
    "mri" "^1.1.0"

"sakura.css@^1.4.1":
  "integrity" "sha512-n3PvLntuNPurS0S8Id/HPDwr/OJixjmCJpjyfzIYwJz7neQOJMAe7Lf/CB+zgYCZtw61RZFzUjj0c5eygVXSfw=="
  "resolved" "https://registry.npmjs.org/sakura.css/-/sakura.css-1.4.1.tgz"
  "version" "1.4.1"

"sander@^0.5.0":
  "integrity" "sha512-3lVqBir7WuKDHGrKRDn/1Ye3kwpXaDOMsiRP1wd6wpZW56gJhsbp5RqQpA6JG/P+pkXizygnr1dKR8vzWaVsfA=="
  "resolved" "https://registry.npmjs.org/sander/-/sander-0.5.1.tgz"
  "version" "0.5.1"
  dependencies:
    "es6-promise" "^3.1.2"
    "graceful-fs" "^4.1.3"
    "mkdirp" "^0.5.1"
    "rimraf" "^2.5.2"

"sorcery@^0.10.0":
  "integrity" "sha512-R5ocFmKZQFfSTstfOtHjJuAwbpGyf9qjQa1egyhvXSbM7emjrtLXtGdZsDJDABC85YBfVvrOiGWKSYXPKdvP1g=="
  "resolved" "https://registry.npmjs.org/sorcery/-/sorcery-0.10.0.tgz"
  "version" "0.10.0"
  dependencies:
    "buffer-crc32" "^0.2.5"
    "minimist" "^1.2.0"
    "sander" "^0.5.0"
    "sourcemap-codec" "^1.3.0"

"source-map-js@^1.0.2":
  "integrity" "sha512-R0XvVJ9WusLiqTCEiGCmICCMplcCkIwwR11mOSD9CR5u+IXYdiseeEuXCVAjS54zqwkLcPNnmU4OeJ6tUrWhDw=="
  "resolved" "https://registry.npmjs.org/source-map-js/-/source-map-js-1.0.2.tgz"
  "version" "1.0.2"

"source-map-support@^0.5.17":
  "integrity" "sha512-uBHU3L3czsIyYXKX88fdrGovxdSCoTGDRZ6SYXtSRxLZUzHg5P/66Ht6uoUlHu9EZod+inXhKo3qQgwXUT/y1w=="
  "resolved" "https://registry.npmjs.org/source-map-support/-/source-map-support-0.5.21.tgz"
  "version" "0.5.21"
  dependencies:
    "buffer-from" "^1.0.0"
    "source-map" "^0.6.0"

"source-map@^0.6.0":
  "integrity" "sha512-UjgapumWlbMhkBgzT7Ykc5YXUT46F0iKu8SGXq0bcwP5dz/h0Plj6enJqjz1Zbq2l5WaqYnrVbwWOWMyF3F47g=="
  "resolved" "https://registry.npmjs.org/source-map/-/source-map-0.6.1.tgz"
  "version" "0.6.1"

"sourcemap-codec@^1.3.0", "sourcemap-codec@^1.4.8":
  "integrity" "sha512-9NykojV5Uih4lgo5So5dtw+f0JgJX30KCNI8gwhz2J9A15wD0Ml6tjHKwf6fTSa6fAdVBdZeNOs9eJ71qCk8vA=="
  "resolved" "https://registry.npmjs.org/sourcemap-codec/-/sourcemap-codec-1.4.8.tgz"
  "version" "1.4.8"

"sprintf-js@~1.0.2":
  "integrity" "sha512-D9cPgkvLlV3t3IzL0D0YLvGA9Ahk4PcvVwUbN0dSGr1aP0Nrt4AEnTUbuGvquEC0mA64Gqt1fzirlRs5ibXx8g=="
  "resolved" "https://registry.npmjs.org/sprintf-js/-/sprintf-js-1.0.3.tgz"
  "version" "1.0.3"

"strip-indent@^3.0.0":
  "integrity" "sha512-laJTa3Jb+VQpaC6DseHhF7dXVqHTfJPCRDaEbid/drOhgitgYku/letMUqOXFoWV0zIIUbjpdH2t+tYj4bQMRQ=="
  "resolved" "https://registry.npmjs.org/strip-indent/-/strip-indent-3.0.0.tgz"
  "version" "3.0.0"
  dependencies:
    "min-indent" "^1.0.0"

"supports-preserve-symlinks-flag@^1.0.0":
  "integrity" "sha512-ot0WnXS9fgdkgIcePe6RHNk1WA8+muPa6cSjeR3V8K27q9BB1rTE3R1p7Hv0z1ZyAc8s6Vvv8DIyWf681MAt0w=="
  "resolved" "https://registry.npmjs.org/supports-preserve-symlinks-flag/-/supports-preserve-symlinks-flag-1.0.0.tgz"
  "version" "1.0.0"

"svelte-check@^2.8.0":
  "integrity" "sha512-HRL66BxffMAZusqe5I5k26mRWQ+BobGd9Rxm3onh7ZVu0nTk8YTKJ9vu3LVPjUGLU9IX7zS+jmwPVhJYdXJ8vg=="
  "resolved" "https://registry.npmjs.org/svelte-check/-/svelte-check-2.8.0.tgz"
  "version" "2.8.0"
  dependencies:
    "@jridgewell/trace-mapping" "^0.3.9"
    "chokidar" "^3.4.1"
    "fast-glob" "^3.2.7"
    "import-fresh" "^3.2.1"
    "picocolors" "^1.0.0"
    "sade" "^1.7.4"
    "svelte-preprocess" "^4.0.0"
    "typescript" "*"

"svelte-hmr@^0.14.12":
  "integrity" "sha512-4QSW/VvXuqVcFZ+RhxiR8/newmwOCTlbYIezvkeN6302YFRE8cXy0naamHcjz8Y9Ce3ITTZtrHrIL0AGfyo61w=="
  "resolved" "https://registry.npmjs.org/svelte-hmr/-/svelte-hmr-0.14.12.tgz"
  "version" "0.14.12"

"svelte-preprocess@^4.0.0", "svelte-preprocess@^4.10.7":
  "integrity" "sha512-sNPBnqYD6FnmdBrUmBCaqS00RyCsCpj2BG58A1JBswNF7b0OKviwxqVrOL/CKyJrLSClrSeqQv5BXNg2RUbPOw=="
  "resolved" "https://registry.npmjs.org/svelte-preprocess/-/svelte-preprocess-4.10.7.tgz"
  "version" "4.10.7"
  dependencies:
    "@types/pug" "^2.0.4"
    "@types/sass" "^1.16.0"
    "detect-indent" "^6.0.0"
    "magic-string" "^0.25.7"
    "sorcery" "^0.10.0"
    "strip-indent" "^3.0.0"

"svelte@^3.23.0", "svelte@^3.24.0", "svelte@^3.44.0", "svelte@^3.49.0", "svelte@>=3.19.0":
  "integrity" "sha512-+lmjic1pApJWDfPCpUUTc1m8azDqYCG1JN9YEngrx/hUyIcFJo6VZhj0A1Ai0wqoHcEIuQy+e9tk+4uDgdtsFA=="
  "resolved" "https://registry.npmjs.org/svelte/-/svelte-3.49.0.tgz"
  "version" "3.49.0"

"time-span@4.0.0":
  "integrity" "sha512-MyqZCTGLDZ77u4k+jqg4UlrzPTPZ49NDlaekU6uuFaJLzPIN1woaRXCbGeqOfxwc3Y37ZROGAJ614Rdv7Olt+g=="
  "resolved" "https://registry.npmjs.org/time-span/-/time-span-4.0.0.tgz"
  "version" "4.0.0"
  dependencies:
    "convert-hrtime" "^3.0.0"

"to-regex-range@^5.0.1":
  "integrity" "sha512-65P7iz6X5yEr1cwcgvQxbbIw7Uk3gOy5dIdtZ4rDveLqhrdJP+Li/Hx6tyK0NEb+2GCyneCMJiGqrADCSNk8sQ=="
  "resolved" "https://registry.npmjs.org/to-regex-range/-/to-regex-range-5.0.1.tgz"
  "version" "5.0.1"
  dependencies:
    "is-number" "^7.0.0"

"tosource@^1.0.0":
  "integrity" "sha512-N6g8eQ1eerw6Y1pBhdgkubWIiPFwXa2POSUrlL8jth5CyyEWNWzoGKRkO3CaO7Jx27hlJP54muB3btIAbx4MPg=="
  "resolved" "https://registry.npmjs.org/tosource/-/tosource-1.0.0.tgz"
  "version" "1.0.0"

"ts-morph@12.0.0":
  "integrity" "sha512-VHC8XgU2fFW7yO1f/b3mxKDje1vmyzFXHWzOYmKEkCEwcLjDtbdLgBQviqj4ZwP4MJkQtRo6Ha2I29lq/B+VxA=="
  "resolved" "https://registry.npmjs.org/ts-morph/-/ts-morph-12.0.0.tgz"
  "version" "12.0.0"
  dependencies:
    "@ts-morph/common" "~0.11.0"
    "code-block-writer" "^10.1.1"

"ts-node@8.9.1":
  "integrity" "sha512-yrq6ODsxEFTLz0R3BX2myf0WBCSQh9A+py8PBo1dCzWIOcvisbyH6akNKqDHMgXePF2kir5mm5JXJTH3OUJYOQ=="
  "resolved" "https://registry.npmjs.org/ts-node/-/ts-node-8.9.1.tgz"
  "version" "8.9.1"
  dependencies:
    "arg" "^4.1.0"
    "diff" "^4.0.1"
    "make-error" "^1.1.1"
    "source-map-support" "^0.5.17"
    "yn" "3.1.1"

"ts-toolbelt@^6.15.5":
  "integrity" "sha512-FZIXf1ksVyLcfr7M317jbB67XFJhOO1YqdTcuGaq9q5jLUoTikukZ+98TPjKiP2jC5CgmYdWWYs0s2nLSU0/1A=="
  "resolved" "https://registry.npmjs.org/ts-toolbelt/-/ts-toolbelt-6.15.5.tgz"
  "version" "6.15.5"

"tslib@^2.4.0":
  "integrity" "sha512-d6xOpEDfsi2CZVlPQzGeux8XMwLT9hssAsaPYExaQMuYskwb+x1x7J371tWlbBdWHroy99KnVB6qIkUbs5X3UQ=="
  "resolved" "https://registry.npmjs.org/tslib/-/tslib-2.4.0.tgz"
  "version" "2.4.0"

"typescript@*", "typescript@^3.9.5 || ^4.0.0", "typescript@^4.6.4", "typescript@>=2.7":
  "integrity" "sha512-C0WQT0gezHuw6AdY1M2jxUO83Rjf0HP7Sk1DtXj6j1EwkQNZrHAg2XPWlq62oqEhYvONq5pkC2Y9oPljWToLmQ=="
  "resolved" "https://registry.npmjs.org/typescript/-/typescript-4.7.4.tgz"
  "version" "4.7.4"

"typescript@4.3.4":
  "integrity" "sha512-uauPG7XZn9F/mo+7MrsRjyvbxFpzemRjKEZXS4AK83oP2KKOJPvb+9cO/gmnv8arWZvhnjVOXz7B49m1l0e9Ew=="
  "resolved" "https://registry.npmjs.org/typescript/-/typescript-4.3.4.tgz"
  "version" "4.3.4"

"uri-js@^4.2.2":
  "integrity" "sha512-7rKUyy33Q1yc98pQ1DAmLtwX109F7TIfWlW1Ydo8Wl1ii1SeHieeh0HHfPeL2fMXK6z0s8ecKs9frCuLJvndBg=="
  "resolved" "https://registry.npmjs.org/uri-js/-/uri-js-4.4.1.tgz"
  "version" "4.4.1"
  dependencies:
    "punycode" "^2.1.0"

"vite@^3.0.0":
  "integrity" "sha512-M7phQhY3+fRZa0H+1WzI6N+/onruwPTBTMvaj7TzgZ0v2TE+N2sdLKxJOfOv9CckDWt5C4HmyQP81xB4dwRKzA=="
  "resolved" "https://registry.npmjs.org/vite/-/vite-3.0.0.tgz"
  "version" "3.0.0"
  dependencies:
    "esbuild" "^0.14.47"
    "postcss" "^8.4.14"
    "resolve" "^1.22.1"
    "rollup" "^2.75.6"
  optionalDependencies:
    "fsevents" "~2.3.2"

"wrappy@1":
  "integrity" "sha512-l4Sp/DRseor9wL6EvV2+TuQn63dMkPjZ/sp9XkghTEbV9KlPS1xUsZ3u7/IQO4wxtcFB4bgpQPRcR3QCvezPcQ=="
  "resolved" "https://registry.npmjs.org/wrappy/-/wrappy-1.0.2.tgz"
  "version" "1.0.2"

"yn@3.1.1":
  "integrity" "sha512-Ux4ygGWsu2c7isFWe8Yu1YluJmqVhxqK2cLXNQA5AcC3QfbGNpM7fu0Y8b/z16pXLnFxZYvWhd3fhBY9DLmC6Q=="
  "resolved" "https://registry.npmjs.org/yn/-/yn-3.1.1.tgz"
  "version" "3.1.1"
